
Microsoft Visual Studio Solution File, Format Version 12.00
# Visual Studio Version 17
VisualStudioVersion = 17.11.35222.181
MinimumVisualStudioVersion = 10.0.40219.1
Project("{FAE04EC0-301F-11D3-BF4B-00C04F79EFBC}") = "textRPG", "textRPG\textRPG.csproj", "{6F249468-C346-4C2D-844F-53A9D8252DB1}"
EndProject
Global
	GlobalSection(SolutionConfigurationPlatforms) = preSolution
		Debug|Any CPU = Debug|Any CPU
		Release|Any CPU = Release|Any CPU
	EndGlobalSection
	GlobalSection(ProjectConfigurationPlatforms) = postSolution
		{6F249468-C346-4C2D-844F-53A9D8252DB1}.Debug|Any CPU.ActiveCfg = Debug|Any CPU
		{6F249468-C346-4C2D-844F-53A9D8252DB1}.Debug|Any CPU.Build.0 = Debug|Any CPU
		{6F249468-C346-4C2D-844F-53A9D8252DB1}.Release|Any CPU.ActiveCfg = Release|Any CPU
		{6F249468-C346-4C2D-844F-53A9D8252DB1}.Release|Any CPU.Build.0 = Release|Any CPU
	EndGlobalSection
	GlobalSection(SolutionProperties) = preSolution
		HideSolutionNode = FALSE
	EndGlobalSection
	GlobalSection(ExtensibilityGlobals) = postSolution
		SolutionGuid = {4A023253-44CA-43E4-99A1-4813461336B8}
	EndGlobalSection
EndGlobal
